
Microsoft Visual Studio Solution File, Format Version 12.00
# Visual Studio 15
VisualStudioVersion = 15.0.27004.2006
MinimumVisualStudioVersion = 10.0.40219.1
Project("{2150E333-8FDC-42A3-9474-1A3956D46DE8}") = "src", "src", "{9F6A9D65-BBAB-47B3-8E1A-FFF426C9EA1A}"
EndProject
Project("{FAE04EC0-301F-11D3-BF4B-00C04F79EFBC}") = "Sannel.House.ThermostatUI", "src\Sannel.House.ThermostatUI\Sannel.House.ThermostatUI.csproj", "{02EA24E0-7EA5-410F-9CAB-CFD00B2F02B3}"
EndProject
Global
	GlobalSection(SolutionConfigurationPlatforms) = preSolution
		Debug|Any CPU = Debug|Any CPU
		Debug|ARM = Debug|ARM
		Debug|x64 = Debug|x64
		Debug|x86 = Debug|x86
		Release|Any CPU = Release|Any CPU
		Release|ARM = Release|ARM
		Release|x64 = Release|x64
		Release|x86 = Release|x86
	EndGlobalSection
	GlobalSection(ProjectConfigurationPlatforms) = postSolution
		{02EA24E0-7EA5-410F-9CAB-CFD00B2F02B3}.Debug|Any CPU.ActiveCfg = Debug|x86
		{02EA24E0-7EA5-410F-9CAB-CFD00B2F02B3}.Debug|ARM.ActiveCfg = Debug|ARM
		{02EA24E0-7EA5-410F-9CAB-CFD00B2F02B3}.Debug|ARM.Build.0 = Debug|ARM
		{02EA24E0-7EA5-410F-9CAB-CFD00B2F02B3}.Debug|ARM.Deploy.0 = Debug|ARM
		{02EA24E0-7EA5-410F-9CAB-CFD00B2F02B3}.Debug|x64.ActiveCfg = Debug|x64
		{02EA24E0-7EA5-410F-9CAB-CFD00B2F02B3}.Debug|x64.Build.0 = Debug|x64
		{02EA24E0-7EA5-410F-9CAB-CFD00B2F02B3}.Debug|x64.Deploy.0 = Debug|x64
		{02EA24E0-7EA5-410F-9CAB-CFD00B2F02B3}.Debug|x86.ActiveCfg = Debug|x86
		{02EA24E0-7EA5-410F-9CAB-CFD00B2F02B3}.Debug|x86.Build.0 = Debug|x86
		{02EA24E0-7EA5-410F-9CAB-CFD00B2F02B3}.Debug|x86.Deploy.0 = Debug|x86
		{02EA24E0-7EA5-410F-9CAB-CFD00B2F02B3}.Release|Any CPU.ActiveCfg = Release|x86
		{02EA24E0-7EA5-410F-9CAB-CFD00B2F02B3}.Release|ARM.ActiveCfg = Release|ARM
		{02EA24E0-7EA5-410F-9CAB-CFD00B2F02B3}.Release|ARM.Build.0 = Release|ARM
		{02EA24E0-7EA5-410F-9CAB-CFD00B2F02B3}.Release|ARM.Deploy.0 = Release|ARM
		{02EA24E0-7EA5-410F-9CAB-CFD00B2F02B3}.Release|x64.ActiveCfg = Release|x64
		{02EA24E0-7EA5-410F-9CAB-CFD00B2F02B3}.Release|x64.Build.0 = Release|x64
		{02EA24E0-7EA5-410F-9CAB-CFD00B2F02B3}.Release|x64.Deploy.0 = Release|x64
		{02EA24E0-7EA5-410F-9CAB-CFD00B2F02B3}.Release|x86.ActiveCfg = Release|x86
		{02EA24E0-7EA5-410F-9CAB-CFD00B2F02B3}.Release|x86.Build.0 = Release|x86
		{02EA24E0-7EA5-410F-9CAB-CFD00B2F02B3}.Release|x86.Deploy.0 = Release|x86
	EndGlobalSection
	GlobalSection(SolutionProperties) = preSolution
		HideSolutionNode = FALSE
	EndGlobalSection
	GlobalSection(NestedProjects) = preSolution
		{02EA24E0-7EA5-410F-9CAB-CFD00B2F02B3} = {9F6A9D65-BBAB-47B3-8E1A-FFF426C9EA1A}
	EndGlobalSection
	GlobalSection(ExtensibilityGlobals) = postSolution
		SolutionGuid = {5FDBDF53-A1EB-4440-B31F-A8355791BAE8}
	EndGlobalSection
EndGlobal
